
Microsoft Visual Studio Solution File, Format Version 11.00
# Visual Studio 2010
Project("{FAE04EC0-301F-11D3-BF4B-00C04F79EFBC}") = "ToolSet", "ToolSet\ToolSet.csproj", "{DB425931-4F5C-43C3-9EE7-E5AAAFEAB893}"
EndProject
Project("{54435603-DBB4-11D2-8724-00A0C9A8B90C}") = "Web Security ToolSet", "PenTestToolSetWizard\PenTestToolSetWizard.vdproj", "{A9D555F4-BBDD-4F61-98DC-2C540A5EC8B0}"
EndProject
Project("{FAE04EC0-301F-11D3-BF4B-00C04F79EFBC}") = "ToolSetSelfregister", "ToolSetSelfregister\ToolSetSelfregister.csproj", "{1851EB79-4A0C-41B2-933C-70CB7D7C445C}"
EndProject
Project("{FAE04EC0-301F-11D3-BF4B-00C04F79EFBC}") = "csExWB", "csExWB\csExWB.csproj", "{E8E8BB5D-3302-4763-94F2-A8A238F7D6EA}"
EndProject
Project("{8BC9CEB8-8B4A-11D0-8D11-00A0C91BC942}") = "ComUtilities", "ComUtilities\ComUtilities.vcxproj", "{498BCDCC-BA3F-4403-A509-0078F59548BA}"
EndProject
Global
	GlobalSection(SolutionConfigurationPlatforms) = preSolution
		Debug|Any CPU = Debug|Any CPU
		Debug|Mixed Platforms = Debug|Mixed Platforms
		Debug|Win32 = Debug|Win32
		Debug|x64 = Debug|x64
		Debug|x86 = Debug|x86
		Release x64|Any CPU = Release x64|Any CPU
		Release x64|Mixed Platforms = Release x64|Mixed Platforms
		Release x64|Win32 = Release x64|Win32
		Release x64|x64 = Release x64|x64
		Release x64|x86 = Release x64|x86
		Release|Any CPU = Release|Any CPU
		Release|Mixed Platforms = Release|Mixed Platforms
		Release|Win32 = Release|Win32
		Release|x64 = Release|x64
		Release|x86 = Release|x86
	EndGlobalSection
	GlobalSection(ProjectConfigurationPlatforms) = postSolution
		{DB425931-4F5C-43C3-9EE7-E5AAAFEAB893}.Debug|Any CPU.ActiveCfg = Debug|Any CPU
		{DB425931-4F5C-43C3-9EE7-E5AAAFEAB893}.Debug|Any CPU.Build.0 = Debug|Any CPU
		{DB425931-4F5C-43C3-9EE7-E5AAAFEAB893}.Debug|Mixed Platforms.ActiveCfg = Debug|x86
		{DB425931-4F5C-43C3-9EE7-E5AAAFEAB893}.Debug|Mixed Platforms.Build.0 = Debug|x86
		{DB425931-4F5C-43C3-9EE7-E5AAAFEAB893}.Debug|Win32.ActiveCfg = Debug|x86
		{DB425931-4F5C-43C3-9EE7-E5AAAFEAB893}.Debug|x64.ActiveCfg = Debug|x86
		{DB425931-4F5C-43C3-9EE7-E5AAAFEAB893}.Debug|x86.ActiveCfg = Debug|x86
		{DB425931-4F5C-43C3-9EE7-E5AAAFEAB893}.Debug|x86.Build.0 = Debug|x86
		{DB425931-4F5C-43C3-9EE7-E5AAAFEAB893}.Release x64|Any CPU.ActiveCfg = Release|x86
		{DB425931-4F5C-43C3-9EE7-E5AAAFEAB893}.Release x64|Mixed Platforms.ActiveCfg = Release|x86
		{DB425931-4F5C-43C3-9EE7-E5AAAFEAB893}.Release x64|Mixed Platforms.Build.0 = Release|x86
		{DB425931-4F5C-43C3-9EE7-E5AAAFEAB893}.Release x64|Win32.ActiveCfg = Release|x86
		{DB425931-4F5C-43C3-9EE7-E5AAAFEAB893}.Release x64|x64.ActiveCfg = Release|x86
		{DB425931-4F5C-43C3-9EE7-E5AAAFEAB893}.Release x64|x86.ActiveCfg = Release|x86
		{DB425931-4F5C-43C3-9EE7-E5AAAFEAB893}.Release x64|x86.Build.0 = Release|x86
		{DB425931-4F5C-43C3-9EE7-E5AAAFEAB893}.Release|Any CPU.ActiveCfg = Release|Any CPU
		{DB425931-4F5C-43C3-9EE7-E5AAAFEAB893}.Release|Any CPU.Build.0 = Release|Any CPU
		{DB425931-4F5C-43C3-9EE7-E5AAAFEAB893}.Release|Mixed Platforms.ActiveCfg = Release|x86
		{DB425931-4F5C-43C3-9EE7-E5AAAFEAB893}.Release|Mixed Platforms.Build.0 = Release|x86
		{DB425931-4F5C-43C3-9EE7-E5AAAFEAB893}.Release|Win32.ActiveCfg = Release|x86
		{DB425931-4F5C-43C3-9EE7-E5AAAFEAB893}.Release|x64.ActiveCfg = Release|x86
		{DB425931-4F5C-43C3-9EE7-E5AAAFEAB893}.Release|x86.ActiveCfg = Release|x86
		{DB425931-4F5C-43C3-9EE7-E5AAAFEAB893}.Release|x86.Build.0 = Release|x86
		{A9D555F4-BBDD-4F61-98DC-2C540A5EC8B0}.Debug|Any CPU.ActiveCfg = Debug
		{A9D555F4-BBDD-4F61-98DC-2C540A5EC8B0}.Debug|Any CPU.Build.0 = Debug
		{A9D555F4-BBDD-4F61-98DC-2C540A5EC8B0}.Debug|Mixed Platforms.ActiveCfg = Debug
		{A9D555F4-BBDD-4F61-98DC-2C540A5EC8B0}.Debug|Mixed Platforms.Build.0 = Debug
		{A9D555F4-BBDD-4F61-98DC-2C540A5EC8B0}.Debug|Win32.ActiveCfg = Debug
		{A9D555F4-BBDD-4F61-98DC-2C540A5EC8B0}.Debug|Win32.Build.0 = Debug
		{A9D555F4-BBDD-4F61-98DC-2C540A5EC8B0}.Debug|x64.ActiveCfg = Debug
		{A9D555F4-BBDD-4F61-98DC-2C540A5EC8B0}.Debug|x64.Build.0 = Debug
		{A9D555F4-BBDD-4F61-98DC-2C540A5EC8B0}.Debug|x86.ActiveCfg = Debug
		{A9D555F4-BBDD-4F61-98DC-2C540A5EC8B0}.Debug|x86.Build.0 = Debug
		{A9D555F4-BBDD-4F61-98DC-2C540A5EC8B0}.Release x64|Any CPU.ActiveCfg = Release
		{A9D555F4-BBDD-4F61-98DC-2C540A5EC8B0}.Release x64|Any CPU.Build.0 = Release
		{A9D555F4-BBDD-4F61-98DC-2C540A5EC8B0}.Release x64|Mixed Platforms.ActiveCfg = Release
		{A9D555F4-BBDD-4F61-98DC-2C540A5EC8B0}.Release x64|Mixed Platforms.Build.0 = Release
		{A9D555F4-BBDD-4F61-98DC-2C540A5EC8B0}.Release x64|Win32.ActiveCfg = Release
		{A9D555F4-BBDD-4F61-98DC-2C540A5EC8B0}.Release x64|Win32.Build.0 = Release
		{A9D555F4-BBDD-4F61-98DC-2C540A5EC8B0}.Release x64|x64.ActiveCfg = Release
		{A9D555F4-BBDD-4F61-98DC-2C540A5EC8B0}.Release x64|x64.Build.0 = Release
		{A9D555F4-BBDD-4F61-98DC-2C540A5EC8B0}.Release x64|x86.ActiveCfg = Release
		{A9D555F4-BBDD-4F61-98DC-2C540A5EC8B0}.Release x64|x86.Build.0 = Release
		{A9D555F4-BBDD-4F61-98DC-2C540A5EC8B0}.Release|Any CPU.ActiveCfg = Release
		{A9D555F4-BBDD-4F61-98DC-2C540A5EC8B0}.Release|Any CPU.Build.0 = Release
		{A9D555F4-BBDD-4F61-98DC-2C540A5EC8B0}.Release|Mixed Platforms.ActiveCfg = Release
		{A9D555F4-BBDD-4F61-98DC-2C540A5EC8B0}.Release|Mixed Platforms.Build.0 = Release
		{A9D555F4-BBDD-4F61-98DC-2C540A5EC8B0}.Release|Win32.ActiveCfg = Release
		{A9D555F4-BBDD-4F61-98DC-2C540A5EC8B0}.Release|Win32.Build.0 = Release
		{A9D555F4-BBDD-4F61-98DC-2C540A5EC8B0}.Release|x64.ActiveCfg = Release
		{A9D555F4-BBDD-4F61-98DC-2C540A5EC8B0}.Release|x64.Build.0 = Release
		{A9D555F4-BBDD-4F61-98DC-2C540A5EC8B0}.Release|x86.ActiveCfg = Release
		{A9D555F4-BBDD-4F61-98DC-2C540A5EC8B0}.Release|x86.Build.0 = Release
		{1851EB79-4A0C-41B2-933C-70CB7D7C445C}.Debug|Any CPU.ActiveCfg = Debug|Any CPU
		{1851EB79-4A0C-41B2-933C-70CB7D7C445C}.Debug|Any CPU.Build.0 = Debug|Any CPU
		{1851EB79-4A0C-41B2-933C-70CB7D7C445C}.Debug|Mixed Platforms.ActiveCfg = Debug|x86
		{1851EB79-4A0C-41B2-933C-70CB7D7C445C}.Debug|Mixed Platforms.Build.0 = Debug|x86
		{1851EB79-4A0C-41B2-933C-70CB7D7C445C}.Debug|Win32.ActiveCfg = Debug|x86
		{1851EB79-4A0C-41B2-933C-70CB7D7C445C}.Debug|x64.ActiveCfg = Debug|x86
		{1851EB79-4A0C-41B2-933C-70CB7D7C445C}.Debug|x86.ActiveCfg = Debug|x86
		{1851EB79-4A0C-41B2-933C-70CB7D7C445C}.Debug|x86.Build.0 = Debug|x86
		{1851EB79-4A0C-41B2-933C-70CB7D7C445C}.Release x64|Any CPU.ActiveCfg = Release|x86
		{1851EB79-4A0C-41B2-933C-70CB7D7C445C}.Release x64|Mixed Platforms.ActiveCfg = Release|x86
		{1851EB79-4A0C-41B2-933C-70CB7D7C445C}.Release x64|Mixed Platforms.Build.0 = Release|x86
		{1851EB79-4A0C-41B2-933C-70CB7D7C445C}.Release x64|Win32.ActiveCfg = Release|x86
		{1851EB79-4A0C-41B2-933C-70CB7D7C445C}.Release x64|x64.ActiveCfg = Release|x86
		{1851EB79-4A0C-41B2-933C-70CB7D7C445C}.Release x64|x86.ActiveCfg = Release|x86
		{1851EB79-4A0C-41B2-933C-70CB7D7C445C}.Release x64|x86.Build.0 = Release|x86
		{1851EB79-4A0C-41B2-933C-70CB7D7C445C}.Release|Any CPU.ActiveCfg = Release|Any CPU
		{1851EB79-4A0C-41B2-933C-70CB7D7C445C}.Release|Any CPU.Build.0 = Release|Any CPU
		{1851EB79-4A0C-41B2-933C-70CB7D7C445C}.Release|Mixed Platforms.ActiveCfg = Release|x86
		{1851EB79-4A0C-41B2-933C-70CB7D7C445C}.Release|Mixed Platforms.Build.0 = Release|x86
		{1851EB79-4A0C-41B2-933C-70CB7D7C445C}.Release|Win32.ActiveCfg = Release|x86
		{1851EB79-4A0C-41B2-933C-70CB7D7C445C}.Release|x64.ActiveCfg = Release|x86
		{1851EB79-4A0C-41B2-933C-70CB7D7C445C}.Release|x86.ActiveCfg = Release|x86
		{1851EB79-4A0C-41B2-933C-70CB7D7C445C}.Release|x86.Build.0 = Release|x86
		{E8E8BB5D-3302-4763-94F2-A8A238F7D6EA}.Debug|Any CPU.ActiveCfg = Debug|Any CPU
		{E8E8BB5D-3302-4763-94F2-A8A238F7D6EA}.Debug|Any CPU.Build.0 = Debug|Any CPU
		{E8E8BB5D-3302-4763-94F2-A8A238F7D6EA}.Debug|Mixed Platforms.ActiveCfg = Debug|x64
		{E8E8BB5D-3302-4763-94F2-A8A238F7D6EA}.Debug|Mixed Platforms.Build.0 = Debug|x64
		{E8E8BB5D-3302-4763-94F2-A8A238F7D6EA}.Debug|Win32.ActiveCfg = Debug|x64
		{E8E8BB5D-3302-4763-94F2-A8A238F7D6EA}.Debug|x64.ActiveCfg = Debug|x64
		{E8E8BB5D-3302-4763-94F2-A8A238F7D6EA}.Debug|x64.Build.0 = Debug|x64
		{E8E8BB5D-3302-4763-94F2-A8A238F7D6EA}.Debug|x86.ActiveCfg = Debug|x86
		{E8E8BB5D-3302-4763-94F2-A8A238F7D6EA}.Debug|x86.Build.0 = Debug|x86
		{E8E8BB5D-3302-4763-94F2-A8A238F7D6EA}.Release x64|Any CPU.ActiveCfg = Release x64|Any CPU
		{E8E8BB5D-3302-4763-94F2-A8A238F7D6EA}.Release x64|Any CPU.Build.0 = Release x64|Any CPU
		{E8E8BB5D-3302-4763-94F2-A8A238F7D6EA}.Release x64|Mixed Platforms.ActiveCfg = Release x64|x64
		{E8E8BB5D-3302-4763-94F2-A8A238F7D6EA}.Release x64|Mixed Platforms.Build.0 = Release x64|x64
		{E8E8BB5D-3302-4763-94F2-A8A238F7D6EA}.Release x64|Win32.ActiveCfg = Release x64|x64
		{E8E8BB5D-3302-4763-94F2-A8A238F7D6EA}.Release x64|x64.ActiveCfg = Release x64|x64
		{E8E8BB5D-3302-4763-94F2-A8A238F7D6EA}.Release x64|x64.Build.0 = Release x64|x64
		{E8E8BB5D-3302-4763-94F2-A8A238F7D6EA}.Release x64|x86.ActiveCfg = Release x64|x86
		{E8E8BB5D-3302-4763-94F2-A8A238F7D6EA}.Release x64|x86.Build.0 = Release x64|x86
		{E8E8BB5D-3302-4763-94F2-A8A238F7D6EA}.Release|Any CPU.ActiveCfg = Release|Any CPU
		{E8E8BB5D-3302-4763-94F2-A8A238F7D6EA}.Release|Any CPU.Build.0 = Release|Any CPU
		{E8E8BB5D-3302-4763-94F2-A8A238F7D6EA}.Release|Mixed Platforms.ActiveCfg = Release|x64
		{E8E8BB5D-3302-4763-94F2-A8A238F7D6EA}.Release|Mixed Platforms.Build.0 = Release|x64
		{E8E8BB5D-3302-4763-94F2-A8A238F7D6EA}.Release|Win32.ActiveCfg = Release|x64
		{E8E8BB5D-3302-4763-94F2-A8A238F7D6EA}.Release|x64.ActiveCfg = Release|x64
		{E8E8BB5D-3302-4763-94F2-A8A238F7D6EA}.Release|x64.Build.0 = Release|x64
		{E8E8BB5D-3302-4763-94F2-A8A238F7D6EA}.Release|x86.ActiveCfg = Release|x86
		{E8E8BB5D-3302-4763-94F2-A8A238F7D6EA}.Release|x86.Build.0 = Release|x86
		{498BCDCC-BA3F-4403-A509-0078F59548BA}.Debug|Any CPU.ActiveCfg = Debug|x64
		{498BCDCC-BA3F-4403-A509-0078F59548BA}.Debug|Mixed Platforms.ActiveCfg = Debug|x64
		{498BCDCC-BA3F-4403-A509-0078F59548BA}.Debug|Mixed Platforms.Build.0 = Debug|x64
		{498BCDCC-BA3F-4403-A509-0078F59548BA}.Debug|Win32.ActiveCfg = Debug|Win32
		{498BCDCC-BA3F-4403-A509-0078F59548BA}.Debug|Win32.Build.0 = Debug|Win32
		{498BCDCC-BA3F-4403-A509-0078F59548BA}.Debug|x64.ActiveCfg = Debug|x64
		{498BCDCC-BA3F-4403-A509-0078F59548BA}.Debug|x64.Build.0 = Debug|x64
		{498BCDCC-BA3F-4403-A509-0078F59548BA}.Debug|x86.ActiveCfg = Debug|x64
		{498BCDCC-BA3F-4403-A509-0078F59548BA}.Release x64|Any CPU.ActiveCfg = Release x64|x64
		{498BCDCC-BA3F-4403-A509-0078F59548BA}.Release x64|Mixed Platforms.ActiveCfg = Release x64|x64
		{498BCDCC-BA3F-4403-A509-0078F59548BA}.Release x64|Mixed Platforms.Build.0 = Release x64|x64
		{498BCDCC-BA3F-4403-A509-0078F59548BA}.Release x64|Win32.ActiveCfg = Release x64|Win32
		{498BCDCC-BA3F-4403-A509-0078F59548BA}.Release x64|Win32.Build.0 = Release x64|Win32
		{498BCDCC-BA3F-4403-A509-0078F59548BA}.Release x64|x64.ActiveCfg = Release x64|x64
		{498BCDCC-BA3F-4403-A509-0078F59548BA}.Release x64|x64.Build.0 = Release x64|x64
		{498BCDCC-BA3F-4403-A509-0078F59548BA}.Release x64|x86.ActiveCfg = Release x64|x64
		{498BCDCC-BA3F-4403-A509-0078F59548BA}.Release|Any CPU.ActiveCfg = Release|x64
		{498BCDCC-BA3F-4403-A509-0078F59548BA}.Release|Mixed Platforms.ActiveCfg = Release|x64
		{498BCDCC-BA3F-4403-A509-0078F59548BA}.Release|Mixed Platforms.Build.0 = Release|x64
		{498BCDCC-BA3F-4403-A509-0078F59548BA}.Release|Win32.ActiveCfg = Release|Win32
		{498BCDCC-BA3F-4403-A509-0078F59548BA}.Release|Win32.Build.0 = Release|Win32
		{498BCDCC-BA3F-4403-A509-0078F59548BA}.Release|x64.ActiveCfg = Release|x64
		{498BCDCC-BA3F-4403-A509-0078F59548BA}.Release|x64.Build.0 = Release|x64
		{498BCDCC-BA3F-4403-A509-0078F59548BA}.Release|x86.ActiveCfg = Release|x64
	EndGlobalSection
	GlobalSection(SolutionProperties) = preSolution
		HideSolutionNode = FALSE
	EndGlobalSection
	GlobalSection(ExtensibilityGlobals) = postSolution
		VisualSVNWorkingCopyRoot = .
	EndGlobalSection
EndGlobal
